// !$*UTF8*$!
{
	archiveVersion = 1;
	classes = {
	};
	objectVersion = 77;
	objects = {

/* Begin PBXContainerItemProxy section */
		BC8255E52D5A811100B9DA9C /* PBXContainerItemProxy */ = {
			isa = PBXContainerItemProxy;
			containerPortal = BC8255CA2D5A811000B9DA9C /* Project object */;
			proxyType = 1;
			remoteGlobalIDString = BC8255D12D5A811000B9DA9C;
			remoteInfo = TestIOSdev;
		};
		BC8255EF2D5A811100B9DA9C /* PBXContainerItemProxy */ = {
			isa = PBXContainerItemProxy;
			containerPortal = BC8255CA2D5A811000B9DA9C /* Project object */;
			proxyType = 1;
			remoteGlobalIDString = BC8255D12D5A811000B9DA9C;
			remoteInfo = TestIOSdev;
		};
/* End PBXContainerItemProxy section */

/* Begin PBXFileReference section */
		BC8255D22D5A811000B9DA9C /* TestIOSdev.app */ = {isa = PBXFileReference; explicitFileType = wrapper.application; includeInIndex = 0; path = TestIOSdev.app; sourceTree = BUILT_PRODUCTS_DIR; };
		BC8255E42D5A811100B9DA9C /* TestIOSdevTests.xctest */ = {isa = PBXFileReference; explicitFileType = wrapper.cfbundle; includeInIndex = 0; path = TestIOSdevTests.xctest; sourceTree = BUILT_PRODUCTS_DIR; };
		BC8255EE2D5A811100B9DA9C /* TestIOSdevUITests.xctest */ = {isa = PBXFileReference; explicitFileType = wrapper.cfbundle; includeInIndex = 0; path = TestIOSdevUITests.xctest; sourceTree = BUILT_PRODUCTS_DIR; };
/* End PBXFileReference section */

/* Begin PBXFileSystemSynchronizedBuildFileExceptionSet section */
		BC8256072D5A852300B9DA9C /* Exceptions for "TestIOSdev" folder in "TestIOSdev" target */ = {
			isa = PBXFileSystemSynchronizedBuildFileExceptionSet;
			membershipExceptions = (
				Info.plist,
				Models/Token.swift,
			);
			target = BC8255D12D5A811000B9DA9C /* TestIOSdev */;
		};
/* End PBXFileSystemSynchronizedBuildFileExceptionSet section */

/* Begin PBXFileSystemSynchronizedRootGroup section */
		BC8255D42D5A811000B9DA9C /* TestIOSdev */ = {
			isa = PBXFileSystemSynchronizedRootGroup;
			exceptions = (
				BC8256072D5A852300B9DA9C /* Exceptions for "TestIOSdev" folder in "TestIOSdev" target */,
			);
			path = TestIOSdev;
			sourceTree = "<group>";
		};
		BC8255E72D5A811100B9DA9C /* TestIOSdevTests */ = {
			isa = PBXFileSystemSynchronizedRootGroup;
			path = TestIOSdevTests;
			sourceTree = "<group>";
		};
		BC8255F12D5A811100B9DA9C /* TestIOSdevUITests */ = {
			isa = PBXFileSystemSynchronizedRootGroup;
			path = TestIOSdevUITests;
			sourceTree = "<group>";
		};
/* End PBXFileSystemSynchronizedRootGroup section */

/* Begin PBXFrameworksBuildPhase section */
		BC8255CF2D5A811000B9DA9C /* Frameworks */ = {
			isa = PBXFrameworksBuildPhase;
			buildActionMask = 2147483647;
			files = (
			);
			runOnlyForDeploymentPostprocessing = 0;
		};
		BC8255E12D5A811100B9DA9C /* Frameworks */ = {
			isa = PBXFrameworksBuildPhase;
			buildActionMask = 2147483647;
			files = (
			);
			runOnlyForDeploymentPostprocessing = 0;
		};
		BC8255EB2D5A811100B9DA9C /* Frameworks */ = {
			isa = PBXFrameworksBuildPhase;
			buildActionMask = 2147483647;
			files = (
			);
			runOnlyForDeploymentPostprocessing = 0;
		};
/* End PBXFrameworksBuildPhase section */

/* Begin PBXGroup section */
		BC8255C92D5A811000B9DA9C = {
			isa = PBXGroup;
			children = (
				BC8255D42D5A811000B9DA9C /* TestIOSdev */,
				BC8255E72D5A811100B9DA9C /* TestIOSdevTests */,
				BC8255F12D5A811100B9DA9C /* TestIOSdevUITests */,
				BC8255D32D5A811000B9DA9C /* Products */,
			);
			sourceTree = "<group>";
		};
		BC8255D32D5A811000B9DA9C /* Products */ = {
			isa = PBXGroup;
			children = (
				BC8255D22D5A811000B9DA9C /* TestIOSdev.app */,
				BC8255E42D5A811100B9DA9C /* TestIOSdevTests.xctest */,
				BC8255EE2D5A811100B9DA9C /* TestIOSdevUITests.xctest */,
			);
			name = Products;
			sourceTree = "<group>";
		};
/* End PBXGroup section */

/* Begin PBXNativeTarget section */
		BC8255D12D5A811000B9DA9C /* TestIOSdev */ = {
			isa = PBXNativeTarget;
			buildConfigurationList = BC8255F82D5A811100B9DA9C /* Build configuration list for PBXNativeTarget "TestIOSdev" */;
			buildPhases = (
				BC8255CE2D5A811000B9DA9C /* Sources */,
				BC8255CF2D5A811000B9DA9C /* Frameworks */,
				BC8255D02D5A811000B9DA9C /* Resources */,
			);
			buildRules = (
			);
			dependencies = (
			);
			fileSystemSynchronizedGroups = (
				BC8255D42D5A811000B9DA9C /* TestIOSdev */,
			);
			name = TestIOSdev;
			packageProductDependencies = (
			);
			productName = TestIOSdev;
			productReference = BC8255D22D5A811000B9DA9C /* TestIOSdev.app */;
			productType = "com.apple.product-type.application";
		};
		BC8255E32D5A811100B9DA9C /* TestIOSdevTests */ = {
			isa = PBXNativeTarget;
			buildConfigurationList = BC8255FB2D5A811100B9DA9C /* Build configuration list for PBXNativeTarget "TestIOSdevTests" */;
			buildPhases = (
				BC8255E02D5A811100B9DA9C /* Sources */,
				BC8255E12D5A811100B9DA9C /* Frameworks */,
				BC8255E22D5A811100B9DA9C /* Resources */,
			);
			buildRules = (
			);
			dependencies = (
				BC8255E62D5A811100B9DA9C /* PBXTargetDependency */,
			);
			fileSystemSynchronizedGroups = (
				BC8255E72D5A811100B9DA9C /* TestIOSdevTests */,
			);
			name = TestIOSdevTests;
			packageProductDependencies = (
			);
			productName = TestIOSdevTests;
			productReference = BC8255E42D5A811100B9DA9C /* TestIOSdevTests.xctest */;
			productType = "com.apple.product-type.bundle.unit-test";
		};
		BC8255ED2D5A811100B9DA9C /* TestIOSdevUITests */ = {
			isa = PBXNativeTarget;
			buildConfigurationList = BC8255FE2D5A811100B9DA9C /* Build configuration list for PBXNativeTarget "TestIOSdevUITests" */;
			buildPhases = (
				BC8255EA2D5A811100B9DA9C /* Sources */,
				BC8255EB2D5A811100B9DA9C /* Frameworks */,
				BC8255EC2D5A811100B9DA9C /* Resources */,
			);
			buildRules = (
			);
			dependencies = (
				BC8255F02D5A811100B9DA9C /* PBXTargetDependency */,
			);
			fileSystemSynchronizedGroups = (
				BC8255F12D5A811100B9DA9C /* TestIOSdevUITests */,
			);
			name = TestIOSdevUITests;
			packageProductDependencies = (
			);
			productName = TestIOSdevUITests;
			productReference = BC8255EE2D5A811100B9DA9C /* TestIOSdevUITests.xctest */;
			productType = "com.apple.product-type.bundle.ui-testing";
		};
/* End PBXNativeTarget section */

/* Begin PBXProject section */
		BC8255CA2D5A811000B9DA9C /* Project object */ = {
			isa = PBXProject;
			attributes = {
				BuildIndependentTargetsInParallel = 1;
				LastSwiftUpdateCheck = 1620;
				LastUpgradeCheck = 1620;
				TargetAttributes = {
					BC8255D12D5A811000B9DA9C = {
						CreatedOnToolsVersion = 16.2;
					};
					BC8255E32D5A811100B9DA9C = {
						CreatedOnToolsVersion = 16.2;
						TestTargetID = BC8255D12D5A811000B9DA9C;
					};
					BC8255ED2D5A811100B9DA9C = {
						CreatedOnToolsVersion = 16.2;
						TestTargetID = BC8255D12D5A811000B9DA9C;
					};
				};
			};
			buildConfigurationList = BC8255CD2D5A811000B9DA9C /* Build configuration list for PBXProject "TestIOSdev" */;
			developmentRegion = en;
			hasScannedForEncodings = 0;
			knownRegions = (
				en,
				Base,
			);
			mainGroup = BC8255C92D5A811000B9DA9C;
			minimizedProjectReferenceProxies = 1;
			preferredProjectObjectVersion = 77;
			productRefGroup = BC8255D32D5A811000B9DA9C /* Products */;
			projectDirPath = "";
			projectRoot = "";
			targets = (
				BC8255D12D5A811000B9DA9C /* TestIOSdev */,
				BC8255E32D5A811100B9DA9C /* TestIOSdevTests */,
				BC8255ED2D5A811100B9DA9C /* TestIOSdevUITests */,
			);
		};
/* End PBXProject section */

/* Begin PBXResourcesBuildPhase section */
		BC8255D02D5A811000B9DA9C /* Resources */ = {
			isa = PBXResourcesBuildPhase;
			buildActionMask = 2147483647;
			files = (
			);
			runOnlyForDeploymentPostprocessing = 0;
		};
		BC8255E22D5A811100B9DA9C /* Resources */ = {
			isa = PBXResourcesBuildPhase;
			buildActionMask = 2147483647;
			files = (
			);
			runOnlyForDeploymentPostprocessing = 0;
		};
		BC8255EC2D5A811100B9DA9C /* Resources */ = {
			isa = PBXResourcesBuildPhase;
			buildActionMask = 2147483647;
			files = (
			);
			runOnlyForDeploymentPostprocessing = 0;
		};
/* End PBXResourcesBuildPhase section */

/* Begin PBXSourcesBuildPhase section */
		BC8255CE2D5A811000B9DA9C /* Sources */ = {
			isa = PBXSourcesBuildPhase;
			buildActionMask = 2147483647;
			files = (
			);
			runOnlyForDeploymentPostprocessing = 0;
		};
		BC8255E02D5A811100B9DA9C /* Sources */ = {
			isa = PBXSourcesBuildPhase;
			buildActionMask = 2147483647;
			files = (
			);
			runOnlyForDeploymentPostprocessing = 0;
		};
		BC8255EA2D5A811100B9DA9C /* Sources */ = {
			isa = PBXSourcesBuildPhase;
			buildActionMask = 2147483647;
			files = (
			);
			runOnlyForDeploymentPostprocessing = 0;
		};
/* End PBXSourcesBuildPhase section */

/* Begin PBXTargetDependency section */
		BC8255E62D5A811100B9DA9C /* PBXTargetDependency */ = {
			isa = PBXTargetDependency;
			target = BC8255D12D5A811000B9DA9C /* TestIOSdev */;
			targetProxy = BC8255E52D5A811100B9DA9C /* PBXContainerItemProxy */;
		};
		BC8255F02D5A811100B9DA9C /* PBXTargetDependency */ = {
			isa = PBXTargetDependency;
			target = BC8255D12D5A811000B9DA9C /* TestIOSdev */;
			targetProxy = BC8255EF2D5A811100B9DA9C /* PBXContainerItemProxy */;
		};
/* End PBXTargetDependency section */

/* Begin XCBuildConfiguration section */
		BC8255F62D5A811100B9DA9C /* Debug */ = {
			isa = XCBuildConfiguration;
			buildSettings = {
				ALWAYS_SEARCH_USER_PATHS = NO;
				ASSETCATALOG_COMPILER_GENERATE_SWIFT_ASSET_SYMBOL_EXTENSIONS = YES;
				CLANG_ANALYZER_NONNULL = YES;
				CLANG_ANALYZER_NUMBER_OBJECT_CONVERSION = YES_AGGRESSIVE;
				CLANG_CXX_LANGUAGE_STANDARD = "gnu++20";
				CLANG_ENABLE_MODULES = YES;
				CLANG_ENABLE_OBJC_ARC = YES;
				CLANG_ENABLE_OBJC_WEAK = YES;
				CLANG_WARN_BLOCK_CAPTURE_AUTORELEASING = YES;
				CLANG_WARN_BOOL_CONVERSION = YES;
				CLANG_WARN_COMMA = YES;
				CLANG_WARN_CONSTANT_CONVERSION = YES;
				CLANG_WARN_DEPRECATED_OBJC_IMPLEMENTATIONS = YES;
				CLANG_WARN_DIRECT_OBJC_ISA_USAGE = YES_ERROR;
				CLANG_WARN_DOCUMENTATION_COMMENTS = YES;
				CLANG_WARN_EMPTY_BODY = YES;
				CLANG_WARN_ENUM_CONVERSION = YES;
				CLANG_WARN_INFINITE_RECURSION = YES;
				CLANG_WARN_INT_CONVERSION = YES;
				CLANG_WARN_NON_LITERAL_NULL_CONVERSION = YES;
				CLANG_WARN_OBJC_IMPLICIT_RETAIN_SELF = YES;
				CLANG_WARN_OBJC_LITERAL_CONVERSION = YES;
				CLANG_WARN_OBJC_ROOT_CLASS = YES_ERROR;
				CLANG_WARN_QUOTED_INCLUDE_IN_FRAMEWORK_HEADER = YES;
				CLANG_WARN_RANGE_LOOP_ANALYSIS = YES;
				CLANG_WARN_STRICT_PROTOTYPES = YES;
				CLANG_WARN_SUSPICIOUS_MOVE = YES;
				CLANG_WARN_UNGUARDED_AVAILABILITY = YES_AGGRESSIVE;
				CLANG_WARN_UNREACHABLE_CODE = YES;
				CLANG_WARN__DUPLICATE_METHOD_MATCH = YES;
				COPY_PHASE_STRIP = NO;
				DEBUG_INFORMATION_FORMAT = dwarf;
				ENABLE_STRICT_OBJC_MSGSEND = YES;
				ENABLE_TESTABILITY = YES;
				ENABLE_USER_SCRIPT_SANDBOXING = YES;
				GCC_C_LANGUAGE_STANDARD = gnu17;
				GCC_DYNAMIC_NO_PIC = NO;
				GCC_NO_COMMON_BLOCKS = YES;
				GCC_OPTIMIZATION_LEVEL = 0;
				GCC_PREPROCESSOR_DEFINITIONS = (
					"DEBUG=1",
					"$(inherited)",
				);
				GCC_WARN_64_TO_32_BIT_CONVERSION = YES;
				GCC_WARN_ABOUT_RETURN_TYPE = YES_ERROR;
				GCC_WARN_UNDECLARED_SELECTOR = YES;
				GCC_WARN_UNINITIALIZED_AUTOS = YES_AGGRESSIVE;
				GCC_WARN_UNUSED_FUNCTION = YES;
				GCC_WARN_UNUSED_VARIABLE = YES;
				IPHONEOS_DEPLOYMENT_TARGET = 18.2;
				LOCALIZATION_PREFERS_STRING_CATALOGS = YES;
				MTL_ENABLE_DEBUG_INFO = INCLUDE_SOURCE;
				MTL_FAST_MATH = YES;
				ONLY_ACTIVE_ARCH = YES;
				SDKROOT = iphoneos;
				SWIFT_ACTIVE_COMPILATION_CONDITIONS = "DEBUG $(inherited)";
				SWIFT_OPTIMIZATION_LEVEL = "-Onone";
			};
			name = Debug;
		};
		BC8255F72D5A811100B9DA9C /* Release */ = {
			isa = XCBuildConfiguration;
			buildSettings = {
				ALWAYS_SEARCH_USER_PATHS = NO;
				ASSETCATALOG_COMPILER_GENERATE_SWIFT_ASSET_SYMBOL_EXTENSIONS = YES;
				CLANG_ANALYZER_NONNULL = YES;
				CLANG_ANALYZER_NUMBER_OBJECT_CONVERSION = YES_AGGRESSIVE;
				CLANG_CXX_LANGUAGE_STANDARD = "gnu++20";
				CLANG_ENABLE_MODULES = YES;
				CLANG_ENABLE_OBJC_ARC = YES;
				CLANG_ENABLE_OBJC_WEAK = YES;
				CLANG_WARN_BLOCK_CAPTURE_AUTORELEASING = YES;
				CLANG_WARN_BOOL_CONVERSION = YES;
				CLANG_WARN_COMMA = YES;
				CLANG_WARN_CONSTANT_CONVERSION = YES;
				CLANG_WARN_DEPRECATED_OBJC_IMPLEMENTATIONS = YES;
				CLANG_WARN_DIRECT_OBJC_ISA_USAGE = YES_ERROR;
				CLANG_WARN_DOCUMENTATION_COMMENTS = YES;
				CLANG_WARN_EMPTY_BODY = YES;
				CLANG_WARN_ENUM_CONVERSION = YES;
				CLANG_WARN_INFINITE_RECURSION = YES;
				CLANG_WARN_INT_CONVERSION = YES;
				CLANG_WARN_NON_LITERAL_NULL_CONVERSION = YES;
				CLANG_WARN_OBJC_IMPLICIT_RETAIN_SELF = YES;
				CLANG_WARN_OBJC_LITERAL_CONVERSION = YES;
				CLANG_WARN_OBJC_ROOT_CLASS = YES_ERROR;
				CLANG_WARN_QUOTED_INCLUDE_IN_FRAMEWORK_HEADER = YES;
				CLANG_WARN_RANGE_LOOP_ANALYSIS = YES;
				CLANG_WARN_STRICT_PROTOTYPES = YES;
				CLANG_WARN_SUSPICIOUS_MOVE = YES;
				CLANG_WARN_UNGUARDED_AVAILABILITY = YES_AGGRESSIVE;
				CLANG_WARN_UNREACHABLE_CODE = YES;
				CLANG_WARN__DUPLICATE_METHOD_MATCH = YES;
				COPY_PHASE_STRIP = NO;
				DEBUG_INFORMATION_FORMAT = "dwarf-with-dsym";
				ENABLE_NS_ASSERTIONS = NO;
				ENABLE_STRICT_OBJC_MSGSEND = YES;
				ENABLE_USER_SCRIPT_SANDBOXING = YES;
				GCC_C_LANGUAGE_STANDARD = gnu17;
				GCC_NO_COMMON_BLOCKS = YES;
				GCC_WARN_64_TO_32_BIT_CONVERSION = YES;
				GCC_WARN_ABOUT_RETURN_TYPE = YES_ERROR;
				GCC_WARN_UNDECLARED_SELECTOR = YES;
				GCC_WARN_UNINITIALIZED_AUTOS = YES_AGGRESSIVE;
				GCC_WARN_UNUSED_FUNCTION = YES;
				GCC_WARN_UNUSED_VARIABLE = YES;
				IPHONEOS_DEPLOYMENT_TARGET = 18.2;
				LOCALIZATION_PREFERS_STRING_CATALOGS = YES;
				MTL_ENABLE_DEBUG_INFO = NO;
				MTL_FAST_MATH = YES;
				SDKROOT = iphoneos;
				SWIFT_COMPILATION_MODE = wholemodule;
				VALIDATE_PRODUCT = YES;
			};
			name = Release;
		};
		BC8255F92D5A811100B9DA9C /* Debug */ = {
			isa = XCBuildConfiguration;
			buildSettings = {
				ASSETCATALOG_COMPILER_APPICON_NAME = AppIcon;
				ASSETCATALOG_COMPILER_GLOBAL_ACCENT_COLOR_NAME = AccentColor;
				CODE_SIGN_STYLE = Automatic;
				CURRENT_PROJECT_VERSION = 1;
				DEVELOPMENT_ASSET_PATHS = "\"TestIOSdev/Preview Content\"";
				ENABLE_PREVIEWS = YES;
				GENERATE_INFOPLIST_FILE = YES;
				INFOPLIST_FILE = TestIOSdev/Info.plist;
				INFOPLIST_KEY_UIApplicationSceneManifest_Generation = YES;
				INFOPLIST_KEY_UIApplicationSupportsIndirectInputEvents = YES;
				INFOPLIST_KEY_UILaunchScreen_Generation = YES;
				INFOPLIST_KEY_UISupportedInterfaceOrientations_iPad = "UIInterfaceOrientationPortrait UIInterfaceOrientationPortraitUpsideDown UIInterfaceOrientationLandscapeLeft UIInterfaceOrientationLandscapeRight";
				INFOPLIST_KEY_UISupportedInterfaceOrientations_iPhone = "UIInterfaceOrientationPortrait UIInterfaceOrientationLandscapeLeft UIInterfaceOrientationLandscapeRight";
				LD_RUNPATH_SEARCH_PATHS = (
					"$(inherited)",
					"@executable_path/Frameworks",
				);
				MARKETING_VERSION = 1.0;
				PRODUCT_BUNDLE_IDENTIFIER = nnn.TestIOSdev;
				PRODUCT_NAME = "$(TARGET_NAME)";
				SWIFT_EMIT_LOC_STRINGS = YES;
				SWIFT_VERSION = 5.0;
				TARGETED_DEVICE_FAMILY = "1,2";
			};
			name = Debug;
		};
		BC8255FA2D5A811100B9DA9C /* Release */ = {
			isa = XCBuildConfiguration;
			buildSettings = {
				ASSETCATALOG_COMPILER_APPICON_NAME = AppIcon;
				ASSETCATALOG_COMPILER_GLOBAL_ACCENT_COLOR_NAME = AccentColor;
				CODE_SIGN_STYLE = Automatic;
				CURRENT_PROJECT_VERSION = 1;
				DEVELOPMENT_ASSET_PATHS = "\"TestIOSdev/Preview Content\"";
				ENABLE_PREVIEWS = YES;
				GENERATE_INFOPLIST_FILE = YES;
				INFOPLIST_FILE = TestIOSdev/Info.plist;
				INFOPLIST_KEY_UIApplicationSceneManifest_Generation = YES;
				INFOPLIST_KEY_UIApplicationSupportsIndirectInputEvents = YES;
				INFOPLIST_KEY_UILaunchScreen_Generation = YES;
				INFOPLIST_KEY_UISupportedInterfaceOrientations_iPad = "UIInterfaceOrientationPortrait UIInterfaceOrientationPortraitUpsideDown UIInterfaceOrientationLandscapeLeft UIInterfaceOrientationLandscapeRight";
				INFOPLIST_KEY_UISupportedInterfaceOrientations_iPhone = "UIInterfaceOrientationPortrait UIInterfaceOrientationLandscapeLeft UIInterfaceOrientationLandscapeRight";
				LD_RUNPATH_SEARCH_PATHS = (
					"$(inherited)",
					"@executable_path/Frameworks",
				);
				MARKETING_VERSION = 1.0;
				PRODUCT_BUNDLE_IDENTIFIER = nnn.TestIOSdev;
				PRODUCT_NAME = "$(TARGET_NAME)";
				SWIFT_EMIT_LOC_STRINGS = YES;
				SWIFT_VERSION = 5.0;
				TARGETED_DEVICE_FAMILY = "1,2";
			};
			name = Release;
		};
		BC8255FC2D5A811100B9DA9C /* Debug */ = {
			isa = XCBuildConfiguration;
			buildSettings = {
				BUNDLE_LOADER = "$(TEST_HOST)";
				CODE_SIGN_STYLE = Automatic;
				CURRENT_PROJECT_VERSION = 1;
				GENERATE_INFOPLIST_FILE = YES;
				IPHONEOS_DEPLOYMENT_TARGET = 18.2;
				MARKETING_VERSION = 1.0;
				PRODUCT_BUNDLE_IDENTIFIER = nnn.TestIOSdevTests;
				PRODUCT_NAME = "$(TARGET_NAME)";
				SWIFT_EMIT_LOC_STRINGS = NO;
				SWIFT_VERSION = 5.0;
				TARGETED_DEVICE_FAMILY = "1,2";
				TEST_HOST = "$(BUILT_PRODUCTS_DIR)/TestIOSdev.app/$(BUNDLE_EXECUTABLE_FOLDER_PATH)/TestIOSdev";
			};
			name = Debug;
		};
		BC8255FD2D5A811100B9DA9C /* Release */ = {
			isa = XCBuildConfiguration;
			buildSettings = {
				BUNDLE_LOADER = "$(TEST_HOST)";
				CODE_SIGN_STYLE = Automatic;
				CURRENT_PROJECT_VERSION = 1;
				GENERATE_INFOPLIST_FILE = YES;
				IPHONEOS_DEPLOYMENT_TARGET = 18.2;
				MARKETING_VERSION = 1.0;
				PRODUCT_BUNDLE_IDENTIFIER = nnn.TestIOSdevTests;
				PRODUCT_NAME = "$(TARGET_NAME)";
				SWIFT_EMIT_LOC_STRINGS = NO;
				SWIFT_VERSION = 5.0;
				TARGETED_DEVICE_FAMILY = "1,2";
				TEST_HOST = "$(BUILT_PRODUCTS_DIR)/TestIOSdev.app/$(BUNDLE_EXECUTABLE_FOLDER_PATH)/TestIOSdev";
			};
			name = Release;
		};
		BC8255FF2D5A811100B9DA9C /* Debug */ = {
			isa = XCBuildConfiguration;
			buildSettings = {
				CODE_SIGN_STYLE = Automatic;
				CURRENT_PROJECT_VERSION = 1;
				GENERATE_INFOPLIST_FILE = YES;
				MARKETING_VERSION = 1.0;
				PRODUCT_BUNDLE_IDENTIFIER = nnn.TestIOSdevUITests;
				PRODUCT_NAME = "$(TARGET_NAME)";
				SWIFT_EMIT_LOC_STRINGS = NO;
				SWIFT_VERSION = 5.0;
				TARGETED_DEVICE_FAMILY = "1,2";
				TEST_TARGET_NAME = TestIOSdev;
			};
			name = Debug;
		};
		BC8256002D5A811100B9DA9C /* Release */ = {
			isa = XCBuildConfiguration;
			buildSettings = {
				CODE_SIGN_STYLE = Automatic;
				CURRENT_PROJECT_VERSION = 1;
				GENERATE_INFOPLIST_FILE = YES;
				MARKETING_VERSION = 1.0;
				PRODUCT_BUNDLE_IDENTIFIER = nnn.TestIOSdevUITests;
				PRODUCT_NAME = "$(TARGET_NAME)";
				SWIFT_EMIT_LOC_STRINGS = NO;
				SWIFT_VERSION = 5.0;
				TARGETED_DEVICE_FAMILY = "1,2";
				TEST_TARGET_NAME = TestIOSdev;
			};
			name = Release;
		};
/* End XCBuildConfiguration section */

/* Begin XCConfigurationList section */
		BC8255CD2D5A811000B9DA9C /* Build configuration list for PBXProject "TestIOSdev" */ = {
			isa = XCConfigurationList;
			buildConfigurations = (
				BC8255F62D5A811100B9DA9C /* Debug */,
				BC8255F72D5A811100B9DA9C /* Release */,
			);
			defaultConfigurationIsVisible = 0;
			defaultConfigurationName = Release;
		};
		BC8255F82D5A811100B9DA9C /* Build configuration list for PBXNativeTarget "TestIOSdev" */ = {
			isa = XCConfigurationList;
			buildConfigurations = (
				BC8255F92D5A811100B9DA9C /* Debug */,
				BC8255FA2D5A811100B9DA9C /* Release */,
			);
			defaultConfigurationIsVisible = 0;
			defaultConfigurationName = Release;
		};
		BC8255FB2D5A811100B9DA9C /* Build configuration list for PBXNativeTarget "TestIOSdevTests" */ = {
			isa = XCConfigurationList;
			buildConfigurations = (
				BC8255FC2D5A811100B9DA9C /* Debug */,
				BC8255FD2D5A811100B9DA9C /* Release */,
			);
			defaultConfigurationIsVisible = 0;
			defaultConfigurationName = Release;
		};
		BC8255FE2D5A811100B9DA9C /* Build configuration list for PBXNativeTarget "TestIOSdevUITests" */ = {
			isa = XCConfigurationList;
			buildConfigurations = (
				BC8255FF2D5A811100B9DA9C /* Debug */,
				BC8256002D5A811100B9DA9C /* Release */,
			);
			defaultConfigurationIsVisible = 0;
			defaultConfigurationName = Release;
		};
/* End XCConfigurationList section */
	};
	rootObject = BC8255CA2D5A811000B9DA9C /* Project object */;
}
